
Microsoft Visual Studio Solution File, Format Version 12.00
# Visual Studio 15
VisualStudioVersion = 15.0.28307.421
MinimumVisualStudioVersion = 10.0.40219.1
Project("{8BC9CEB8-8B4A-11D0-8D11-00A0C91BC942}") = "tf_c_example", "tf_c_example\tf_c_example.vcxproj", "{B4F2F3FE-48BF-49BD-A587-31890941030F}"
EndProject
Project("{8BC9CEB8-8B4A-11D0-8D11-00A0C91BC942}") = "tf_cc_example", "tf_cc_example\tf_cc_example.vcxproj", "{38E81C72-5CEE-4240-A0AA-114921D4B63C}"
EndProject
Project("{8BC9CEB8-8B4A-11D0-8D11-00A0C91BC942}") = "tf_lite_example", "tf_lite_example\tf_lite_example.vcxproj", "{E5056C51-81E6-4BEF-8B9F-273D4031CE81}"
EndProject
Global
	GlobalSection(SolutionConfigurationPlatforms) = preSolution
		Debug|x64 = Debug|x64
		Debug|x86 = Debug|x86
		Release|x64 = Release|x64
		Release|x86 = Release|x86
	EndGlobalSection
	GlobalSection(ProjectConfigurationPlatforms) = postSolution
		{B4F2F3FE-48BF-49BD-A587-31890941030F}.Debug|x64.ActiveCfg = Debug|x64
		{B4F2F3FE-48BF-49BD-A587-31890941030F}.Debug|x64.Build.0 = Debug|x64
		{B4F2F3FE-48BF-49BD-A587-31890941030F}.Debug|x86.ActiveCfg = Debug|Win32
		{B4F2F3FE-48BF-49BD-A587-31890941030F}.Debug|x86.Build.0 = Debug|Win32
		{B4F2F3FE-48BF-49BD-A587-31890941030F}.Release|x64.ActiveCfg = Release|x64
		{B4F2F3FE-48BF-49BD-A587-31890941030F}.Release|x64.Build.0 = Release|x64
		{B4F2F3FE-48BF-49BD-A587-31890941030F}.Release|x86.ActiveCfg = Release|Win32
		{B4F2F3FE-48BF-49BD-A587-31890941030F}.Release|x86.Build.0 = Release|Win32
		{38E81C72-5CEE-4240-A0AA-114921D4B63C}.Debug|x64.ActiveCfg = Debug|x64
		{38E81C72-5CEE-4240-A0AA-114921D4B63C}.Debug|x64.Build.0 = Debug|x64
		{38E81C72-5CEE-4240-A0AA-114921D4B63C}.Debug|x86.ActiveCfg = Debug|Win32
		{38E81C72-5CEE-4240-A0AA-114921D4B63C}.Debug|x86.Build.0 = Debug|Win32
		{38E81C72-5CEE-4240-A0AA-114921D4B63C}.Release|x64.ActiveCfg = Release|x64
		{38E81C72-5CEE-4240-A0AA-114921D4B63C}.Release|x64.Build.0 = Release|x64
		{38E81C72-5CEE-4240-A0AA-114921D4B63C}.Release|x86.ActiveCfg = Release|Win32
		{38E81C72-5CEE-4240-A0AA-114921D4B63C}.Release|x86.Build.0 = Release|Win32
		{E5056C51-81E6-4BEF-8B9F-273D4031CE81}.Debug|x64.ActiveCfg = Debug|x64
		{E5056C51-81E6-4BEF-8B9F-273D4031CE81}.Debug|x64.Build.0 = Debug|x64
		{E5056C51-81E6-4BEF-8B9F-273D4031CE81}.Debug|x86.ActiveCfg = Debug|Win32
		{E5056C51-81E6-4BEF-8B9F-273D4031CE81}.Debug|x86.Build.0 = Debug|Win32
		{E5056C51-81E6-4BEF-8B9F-273D4031CE81}.Release|x64.ActiveCfg = Release|x64
		{E5056C51-81E6-4BEF-8B9F-273D4031CE81}.Release|x64.Build.0 = Release|x64
		{E5056C51-81E6-4BEF-8B9F-273D4031CE81}.Release|x86.ActiveCfg = Release|Win32
		{E5056C51-81E6-4BEF-8B9F-273D4031CE81}.Release|x86.Build.0 = Release|Win32
	EndGlobalSection
	GlobalSection(SolutionProperties) = preSolution
		HideSolutionNode = FALSE
	EndGlobalSection
	GlobalSection(ExtensibilityGlobals) = postSolution
		SolutionGuid = {D8B7B6D6-6214-4CC8-A7F9-1C200B8EB4ED}
	EndGlobalSection
EndGlobal
