<?xml version="1.0" encoding="utf-8"?>
<Project ToolsVersion="4.0" xmlns="http://schemas.microsoft.com/developer/msbuild/2003">
  <ItemGroup>
    <ClCompile Include="fcn.cpp">
      <Filter>소스 파일</Filter>
    </ClCompile>
    <ClCompile Include="frozen.cpp">
      <Filter>소스 파일</Filter>
    </ClCompile>
    <ClCompile Include="linear_example.cpp">
      <Filter>소스 파일</Filter>
    </ClCompile>
    <ClCompile Include="main.cpp">
      <Filter>소스 파일</Filter>
    </ClCompile>
    <ClCompile Include="keras.cpp">
      <Filter>소스 파일</Filter>
    </ClCompile>
    <ClCompile Include="icnet.cpp">
      <Filter>소스 파일</Filter>
    </ClCompile>
  </ItemGroup>
  <ItemGroup>
    <ClInclude Include="haebin.h">
      <Filter>헤더 파일</Filter>
    </ClInclude>
    <ClInclude Include="opencv_helper.h">
      <Filter>헤더 파일</Filter>
    </ClInclude>
  </ItemGroup>
  <ItemGroup>
    <Filter Include="소스 파일">
      <UniqueIdentifier>{0b025dcc-f55a-4d55-8199-8a5918b27f2d}</UniqueIdentifier>
    </Filter>
    <Filter Include="헤더 파일">
      <UniqueIdentifier>{43ce62c1-4065-4df7-b8cb-9e6f53573ec2}</UniqueIdentifier>
    </Filter>
  </ItemGroup>
</Project>